
Microsoft Visual Studio Solution File, Format Version 12.00
# Visual Studio Version 17
VisualStudioVersion = 17.0.31903.59
MinimumVisualStudioVersion = 10.0.40219.1
Project("{2150E333-8FDC-42A3-9474-1A3956D46DE8}") = "src", "src", "{827E0CD3-B72D-47B6-A68D-7590B98EB39B}"
EndProject
Project("{FAE04EC0-301F-11D3-BF4B-00C04F79EFBC}") = "BarbeariaSaaS.Domain", "src\BarbeariaSaaS.Domain\BarbeariaSaaS.Domain.csproj", "{3460359F-82CE-4225-AA4B-8BAB40F7D15F}"
EndProject
Project("{FAE04EC0-301F-11D3-BF4B-00C04F79EFBC}") = "BarbeariaSaaS.Application", "src\BarbeariaSaaS.Application\BarbeariaSaaS.Application.csproj", "{CBFEB7A8-13A0-418F-8298-83A720D50A60}"
EndProject
Project("{FAE04EC0-301F-11D3-BF4B-00C04F79EFBC}") = "BarbeariaSaaS.API", "src\BarbeariaSaaS.API\BarbeariaSaaS.API.csproj", "{736BFB1B-2958-4826-99C2-FCF5B59A7F06}"
EndProject
Project("{FAE04EC0-301F-11D3-BF4B-00C04F79EFBC}") = "BarbeariaSaaS.Shared", "src\BarbeariaSaaS.Shared\BarbeariaSaaS.Shared.csproj", "{8E1FD79E-6C25-4AF8-BC3F-51F28D977DFB}"
EndProject
Project("{FAE04EC0-301F-11D3-BF4B-00C04F79EFBC}") = "BarbeariaSaaS.Infrastructure", "src\BarbeariaSaaS.Infrastructure\BarbeariaSaaS.Infrastructure.csproj", "{BF7AEA99-54C1-419A-804B-20837EC24878}"
EndProject
Project("{2150E333-8FDC-42A3-9474-1A3956D46DE8}") = "tests", "tests", "{0AB3BF05-4346-4AA6-1389-037BE0695223}"
EndProject
Project("{FAE04EC0-301F-11D3-BF4B-00C04F79EFBC}") = "BarbeariaSaaS.UnitTests", "tests\BarbeariaSaaS.UnitTests\BarbeariaSaaS.UnitTests.csproj", "{83FFB789-8875-49C3-BA28-6748015C0188}"
EndProject
Project("{FAE04EC0-301F-11D3-BF4B-00C04F79EFBC}") = "BarbeariaSaaS.IntegrationTests", "tests\BarbeariaSaaS.IntegrationTests\BarbeariaSaaS.IntegrationTests.csproj", "{B6592CD8-26DE-436D-A3FA-E028C11C49B4}"
EndProject
Project("{FAE04EC0-301F-11D3-BF4B-00C04F79EFBC}") = "BarbeariaSaaS.EndToEndTests", "tests\BarbeariaSaaS.EndToEndTests\BarbeariaSaaS.EndToEndTests.csproj", "{9E382B2A-C352-4F12-B651-C3027AB73E6D}"
EndProject
Global
	GlobalSection(SolutionConfigurationPlatforms) = preSolution
		Debug|Any CPU = Debug|Any CPU
		Debug|x64 = Debug|x64
		Debug|x86 = Debug|x86
		Release|Any CPU = Release|Any CPU
		Release|x64 = Release|x64
		Release|x86 = Release|x86
	EndGlobalSection
	GlobalSection(ProjectConfigurationPlatforms) = postSolution
		{3460359F-82CE-4225-AA4B-8BAB40F7D15F}.Debug|Any CPU.ActiveCfg = Debug|Any CPU
		{3460359F-82CE-4225-AA4B-8BAB40F7D15F}.Debug|Any CPU.Build.0 = Debug|Any CPU
		{3460359F-82CE-4225-AA4B-8BAB40F7D15F}.Debug|x64.ActiveCfg = Debug|Any CPU
		{3460359F-82CE-4225-AA4B-8BAB40F7D15F}.Debug|x64.Build.0 = Debug|Any CPU
		{3460359F-82CE-4225-AA4B-8BAB40F7D15F}.Debug|x86.ActiveCfg = Debug|Any CPU
		{3460359F-82CE-4225-AA4B-8BAB40F7D15F}.Debug|x86.Build.0 = Debug|Any CPU
		{3460359F-82CE-4225-AA4B-8BAB40F7D15F}.Release|Any CPU.ActiveCfg = Release|Any CPU
		{3460359F-82CE-4225-AA4B-8BAB40F7D15F}.Release|Any CPU.Build.0 = Release|Any CPU
		{3460359F-82CE-4225-AA4B-8BAB40F7D15F}.Release|x64.ActiveCfg = Release|Any CPU
		{3460359F-82CE-4225-AA4B-8BAB40F7D15F}.Release|x64.Build.0 = Release|Any CPU
		{3460359F-82CE-4225-AA4B-8BAB40F7D15F}.Release|x86.ActiveCfg = Release|Any CPU
		{3460359F-82CE-4225-AA4B-8BAB40F7D15F}.Release|x86.Build.0 = Release|Any CPU
		{CBFEB7A8-13A0-418F-8298-83A720D50A60}.Debug|Any CPU.ActiveCfg = Debug|Any CPU
		{CBFEB7A8-13A0-418F-8298-83A720D50A60}.Debug|Any CPU.Build.0 = Debug|Any CPU
		{CBFEB7A8-13A0-418F-8298-83A720D50A60}.Debug|x64.ActiveCfg = Debug|Any CPU
		{CBFEB7A8-13A0-418F-8298-83A720D50A60}.Debug|x64.Build.0 = Debug|Any CPU
		{CBFEB7A8-13A0-418F-8298-83A720D50A60}.Debug|x86.ActiveCfg = Debug|Any CPU
		{CBFEB7A8-13A0-418F-8298-83A720D50A60}.Debug|x86.Build.0 = Debug|Any CPU
		{CBFEB7A8-13A0-418F-8298-83A720D50A60}.Release|Any CPU.ActiveCfg = Release|Any CPU
		{CBFEB7A8-13A0-418F-8298-83A720D50A60}.Release|Any CPU.Build.0 = Release|Any CPU
		{CBFEB7A8-13A0-418F-8298-83A720D50A60}.Release|x64.ActiveCfg = Release|Any CPU
		{CBFEB7A8-13A0-418F-8298-83A720D50A60}.Release|x64.Build.0 = Release|Any CPU
		{CBFEB7A8-13A0-418F-8298-83A720D50A60}.Release|x86.ActiveCfg = Release|Any CPU
		{CBFEB7A8-13A0-418F-8298-83A720D50A60}.Release|x86.Build.0 = Release|Any CPU
		{736BFB1B-2958-4826-99C2-FCF5B59A7F06}.Debug|Any CPU.ActiveCfg = Debug|Any CPU
		{736BFB1B-2958-4826-99C2-FCF5B59A7F06}.Debug|Any CPU.Build.0 = Debug|Any CPU
		{736BFB1B-2958-4826-99C2-FCF5B59A7F06}.Debug|x64.ActiveCfg = Debug|Any CPU
		{736BFB1B-2958-4826-99C2-FCF5B59A7F06}.Debug|x64.Build.0 = Debug|Any CPU
		{736BFB1B-2958-4826-99C2-FCF5B59A7F06}.Debug|x86.ActiveCfg = Debug|Any CPU
		{736BFB1B-2958-4826-99C2-FCF5B59A7F06}.Debug|x86.Build.0 = Debug|Any CPU
		{736BFB1B-2958-4826-99C2-FCF5B59A7F06}.Release|Any CPU.ActiveCfg = Release|Any CPU
		{736BFB1B-2958-4826-99C2-FCF5B59A7F06}.Release|Any CPU.Build.0 = Release|Any CPU
		{736BFB1B-2958-4826-99C2-FCF5B59A7F06}.Release|x64.ActiveCfg = Release|Any CPU
		{736BFB1B-2958-4826-99C2-FCF5B59A7F06}.Release|x64.Build.0 = Release|Any CPU
		{736BFB1B-2958-4826-99C2-FCF5B59A7F06}.Release|x86.ActiveCfg = Release|Any CPU
		{736BFB1B-2958-4826-99C2-FCF5B59A7F06}.Release|x86.Build.0 = Release|Any CPU
		{8E1FD79E-6C25-4AF8-BC3F-51F28D977DFB}.Debug|Any CPU.ActiveCfg = Debug|Any CPU
		{8E1FD79E-6C25-4AF8-BC3F-51F28D977DFB}.Debug|Any CPU.Build.0 = Debug|Any CPU
		{8E1FD79E-6C25-4AF8-BC3F-51F28D977DFB}.Debug|x64.ActiveCfg = Debug|Any CPU
		{8E1FD79E-6C25-4AF8-BC3F-51F28D977DFB}.Debug|x64.Build.0 = Debug|Any CPU
		{8E1FD79E-6C25-4AF8-BC3F-51F28D977DFB}.Debug|x86.ActiveCfg = Debug|Any CPU
		{8E1FD79E-6C25-4AF8-BC3F-51F28D977DFB}.Debug|x86.Build.0 = Debug|Any CPU
		{8E1FD79E-6C25-4AF8-BC3F-51F28D977DFB}.Release|Any CPU.ActiveCfg = Release|Any CPU
		{8E1FD79E-6C25-4AF8-BC3F-51F28D977DFB}.Release|Any CPU.Build.0 = Release|Any CPU
		{8E1FD79E-6C25-4AF8-BC3F-51F28D977DFB}.Release|x64.ActiveCfg = Release|Any CPU
		{8E1FD79E-6C25-4AF8-BC3F-51F28D977DFB}.Release|x64.Build.0 = Release|Any CPU
		{8E1FD79E-6C25-4AF8-BC3F-51F28D977DFB}.Release|x86.ActiveCfg = Release|Any CPU
		{8E1FD79E-6C25-4AF8-BC3F-51F28D977DFB}.Release|x86.Build.0 = Release|Any CPU
		{BF7AEA99-54C1-419A-804B-20837EC24878}.Debug|Any CPU.ActiveCfg = Debug|Any CPU
		{BF7AEA99-54C1-419A-804B-20837EC24878}.Debug|Any CPU.Build.0 = Debug|Any CPU
		{BF7AEA99-54C1-419A-804B-20837EC24878}.Debug|x64.ActiveCfg = Debug|Any CPU
		{BF7AEA99-54C1-419A-804B-20837EC24878}.Debug|x64.Build.0 = Debug|Any CPU
		{BF7AEA99-54C1-419A-804B-20837EC24878}.Debug|x86.ActiveCfg = Debug|Any CPU
		{BF7AEA99-54C1-419A-804B-20837EC24878}.Debug|x86.Build.0 = Debug|Any CPU
		{BF7AEA99-54C1-419A-804B-20837EC24878}.Release|Any CPU.ActiveCfg = Release|Any CPU
		{BF7AEA99-54C1-419A-804B-20837EC24878}.Release|Any CPU.Build.0 = Release|Any CPU
		{BF7AEA99-54C1-419A-804B-20837EC24878}.Release|x64.ActiveCfg = Release|Any CPU
		{BF7AEA99-54C1-419A-804B-20837EC24878}.Release|x64.Build.0 = Release|Any CPU
		{BF7AEA99-54C1-419A-804B-20837EC24878}.Release|x86.ActiveCfg = Release|Any CPU
		{BF7AEA99-54C1-419A-804B-20837EC24878}.Release|x86.Build.0 = Release|Any CPU
		{83FFB789-8875-49C3-BA28-6748015C0188}.Debug|Any CPU.ActiveCfg = Debug|Any CPU
		{83FFB789-8875-49C3-BA28-6748015C0188}.Debug|Any CPU.Build.0 = Debug|Any CPU
		{83FFB789-8875-49C3-BA28-6748015C0188}.Debug|x64.ActiveCfg = Debug|Any CPU
		{83FFB789-8875-49C3-BA28-6748015C0188}.Debug|x64.Build.0 = Debug|Any CPU
		{83FFB789-8875-49C3-BA28-6748015C0188}.Debug|x86.ActiveCfg = Debug|Any CPU
		{83FFB789-8875-49C3-BA28-6748015C0188}.Debug|x86.Build.0 = Debug|Any CPU
		{83FFB789-8875-49C3-BA28-6748015C0188}.Release|Any CPU.ActiveCfg = Release|Any CPU
		{83FFB789-8875-49C3-BA28-6748015C0188}.Release|Any CPU.Build.0 = Release|Any CPU
		{83FFB789-8875-49C3-BA28-6748015C0188}.Release|x64.ActiveCfg = Release|Any CPU
		{83FFB789-8875-49C3-BA28-6748015C0188}.Release|x64.Build.0 = Release|Any CPU
		{83FFB789-8875-49C3-BA28-6748015C0188}.Release|x86.ActiveCfg = Release|Any CPU
		{83FFB789-8875-49C3-BA28-6748015C0188}.Release|x86.Build.0 = Release|Any CPU
		{B6592CD8-26DE-436D-A3FA-E028C11C49B4}.Debug|Any CPU.ActiveCfg = Debug|Any CPU
		{B6592CD8-26DE-436D-A3FA-E028C11C49B4}.Debug|Any CPU.Build.0 = Debug|Any CPU
		{B6592CD8-26DE-436D-A3FA-E028C11C49B4}.Debug|x64.ActiveCfg = Debug|Any CPU
		{B6592CD8-26DE-436D-A3FA-E028C11C49B4}.Debug|x64.Build.0 = Debug|Any CPU
		{B6592CD8-26DE-436D-A3FA-E028C11C49B4}.Debug|x86.ActiveCfg = Debug|Any CPU
		{B6592CD8-26DE-436D-A3FA-E028C11C49B4}.Debug|x86.Build.0 = Debug|Any CPU
		{B6592CD8-26DE-436D-A3FA-E028C11C49B4}.Release|Any CPU.ActiveCfg = Release|Any CPU
		{B6592CD8-26DE-436D-A3FA-E028C11C49B4}.Release|Any CPU.Build.0 = Release|Any CPU
		{B6592CD8-26DE-436D-A3FA-E028C11C49B4}.Release|x64.ActiveCfg = Release|Any CPU
		{B6592CD8-26DE-436D-A3FA-E028C11C49B4}.Release|x64.Build.0 = Release|Any CPU
		{B6592CD8-26DE-436D-A3FA-E028C11C49B4}.Release|x86.ActiveCfg = Release|Any CPU
		{B6592CD8-26DE-436D-A3FA-E028C11C49B4}.Release|x86.Build.0 = Release|Any CPU
		{9E382B2A-C352-4F12-B651-C3027AB73E6D}.Debug|Any CPU.ActiveCfg = Debug|Any CPU
		{9E382B2A-C352-4F12-B651-C3027AB73E6D}.Debug|Any CPU.Build.0 = Debug|Any CPU
		{9E382B2A-C352-4F12-B651-C3027AB73E6D}.Debug|x64.ActiveCfg = Debug|Any CPU
		{9E382B2A-C352-4F12-B651-C3027AB73E6D}.Debug|x64.Build.0 = Debug|Any CPU
		{9E382B2A-C352-4F12-B651-C3027AB73E6D}.Debug|x86.ActiveCfg = Debug|Any CPU
		{9E382B2A-C352-4F12-B651-C3027AB73E6D}.Debug|x86.Build.0 = Debug|Any CPU
		{9E382B2A-C352-4F12-B651-C3027AB73E6D}.Release|Any CPU.ActiveCfg = Release|Any CPU
		{9E382B2A-C352-4F12-B651-C3027AB73E6D}.Release|Any CPU.Build.0 = Release|Any CPU
		{9E382B2A-C352-4F12-B651-C3027AB73E6D}.Release|x64.ActiveCfg = Release|Any CPU
		{9E382B2A-C352-4F12-B651-C3027AB73E6D}.Release|x64.Build.0 = Release|Any CPU
		{9E382B2A-C352-4F12-B651-C3027AB73E6D}.Release|x86.ActiveCfg = Release|Any CPU
		{9E382B2A-C352-4F12-B651-C3027AB73E6D}.Release|x86.Build.0 = Release|Any CPU
	EndGlobalSection
	GlobalSection(SolutionProperties) = preSolution
		HideSolutionNode = FALSE
	EndGlobalSection
	GlobalSection(NestedProjects) = preSolution
		{3460359F-82CE-4225-AA4B-8BAB40F7D15F} = {827E0CD3-B72D-47B6-A68D-7590B98EB39B}
		{CBFEB7A8-13A0-418F-8298-83A720D50A60} = {827E0CD3-B72D-47B6-A68D-7590B98EB39B}
		{736BFB1B-2958-4826-99C2-FCF5B59A7F06} = {827E0CD3-B72D-47B6-A68D-7590B98EB39B}
		{8E1FD79E-6C25-4AF8-BC3F-51F28D977DFB} = {827E0CD3-B72D-47B6-A68D-7590B98EB39B}
		{BF7AEA99-54C1-419A-804B-20837EC24878} = {827E0CD3-B72D-47B6-A68D-7590B98EB39B}
		{83FFB789-8875-49C3-BA28-6748015C0188} = {0AB3BF05-4346-4AA6-1389-037BE0695223}
		{B6592CD8-26DE-436D-A3FA-E028C11C49B4} = {0AB3BF05-4346-4AA6-1389-037BE0695223}
		{9E382B2A-C352-4F12-B651-C3027AB73E6D} = {0AB3BF05-4346-4AA6-1389-037BE0695223}
	EndGlobalSection
EndGlobal
